
Microsoft Visual Studio Solution File, Format Version 12.00
# Visual Studio Version 17
VisualStudioVersion = 17.5.33530.505
MinimumVisualStudioVersion = 10.0.40219.1
Project("{FAE04EC0-301F-11D3-BF4B-00C04F79EFBC}") = "Bemerkto", "Bemerkto\Bemerkto.csproj", "{4649CF88-4C9A-4587-AA3D-E8B8F876A53B}"
EndProject
Global
	GlobalSection(SolutionConfigurationPlatforms) = preSolution
		Debug|Any CPU = Debug|Any CPU
		Release|Any CPU = Release|Any CPU
	EndGlobalSection
	GlobalSection(ProjectConfigurationPlatforms) = postSolution
		{4649CF88-4C9A-4587-AA3D-E8B8F876A53B}.Debug|Any CPU.ActiveCfg = Debug|Any CPU
		{4649CF88-4C9A-4587-AA3D-E8B8F876A53B}.Debug|Any CPU.Build.0 = Debug|Any CPU
		{4649CF88-4C9A-4587-AA3D-E8B8F876A53B}.Release|Any CPU.ActiveCfg = Release|Any CPU
		{4649CF88-4C9A-4587-AA3D-E8B8F876A53B}.Release|Any CPU.Build.0 = Release|Any CPU
	EndGlobalSection
	GlobalSection(SolutionProperties) = preSolution
		HideSolutionNode = FALSE
	EndGlobalSection
	GlobalSection(ExtensibilityGlobals) = postSolution
		SolutionGuid = {94694C7D-3191-410F-B28F-888A86C0B6BD}
	EndGlobalSection
EndGlobal
